
Microsoft Visual Studio Solution File, Format Version 12.00
# Visual Studio Version 16
VisualStudioVersion = 16.0.30523.141
MinimumVisualStudioVersion = 10.0.40219.1
Project("{9A19103F-16F7-4668-BE54-9A1E7A4F7556}") = "LozyeFramework.Lua", "LozyeFramework.Lua\LozyeFramework.Lua.csproj", "{8B8A88E8-95E6-4FCA-9DE1-61EC0C48CBDE}"
EndProject
Project("{FAE04EC0-301F-11D3-BF4B-00C04F79EFBC}") = "LozyeFramework.Lua.Example", "LozyeFramework.Lua.Example\LozyeFramework.Lua.Example.csproj", "{084AED3A-2C2E-4C4B-8DFD-53AC2781096F}"
EndProject
Global
	GlobalSection(SolutionConfigurationPlatforms) = preSolution
		Debug|Any CPU = Debug|Any CPU
		Debug|x86 = Debug|x86
		Release|Any CPU = Release|Any CPU
		Release|x86 = Release|x86
	EndGlobalSection
	GlobalSection(ProjectConfigurationPlatforms) = postSolution
		{8B8A88E8-95E6-4FCA-9DE1-61EC0C48CBDE}.Debug|Any CPU.ActiveCfg = Debug|Any CPU
		{8B8A88E8-95E6-4FCA-9DE1-61EC0C48CBDE}.Debug|Any CPU.Build.0 = Debug|Any CPU
		{8B8A88E8-95E6-4FCA-9DE1-61EC0C48CBDE}.Debug|x86.ActiveCfg = Debug|x86
		{8B8A88E8-95E6-4FCA-9DE1-61EC0C48CBDE}.Debug|x86.Build.0 = Debug|x86
		{8B8A88E8-95E6-4FCA-9DE1-61EC0C48CBDE}.Release|Any CPU.ActiveCfg = Release|Any CPU
		{8B8A88E8-95E6-4FCA-9DE1-61EC0C48CBDE}.Release|Any CPU.Build.0 = Release|Any CPU
		{8B8A88E8-95E6-4FCA-9DE1-61EC0C48CBDE}.Release|x86.ActiveCfg = Release|x86
		{8B8A88E8-95E6-4FCA-9DE1-61EC0C48CBDE}.Release|x86.Build.0 = Release|x86
		{084AED3A-2C2E-4C4B-8DFD-53AC2781096F}.Debug|Any CPU.ActiveCfg = Debug|Any CPU
		{084AED3A-2C2E-4C4B-8DFD-53AC2781096F}.Debug|Any CPU.Build.0 = Debug|Any CPU
		{084AED3A-2C2E-4C4B-8DFD-53AC2781096F}.Debug|x86.ActiveCfg = Debug|Any CPU
		{084AED3A-2C2E-4C4B-8DFD-53AC2781096F}.Debug|x86.Build.0 = Debug|Any CPU
		{084AED3A-2C2E-4C4B-8DFD-53AC2781096F}.Release|Any CPU.ActiveCfg = Release|Any CPU
		{084AED3A-2C2E-4C4B-8DFD-53AC2781096F}.Release|Any CPU.Build.0 = Release|Any CPU
		{084AED3A-2C2E-4C4B-8DFD-53AC2781096F}.Release|x86.ActiveCfg = Release|Any CPU
		{084AED3A-2C2E-4C4B-8DFD-53AC2781096F}.Release|x86.Build.0 = Release|Any CPU
	EndGlobalSection
	GlobalSection(SolutionProperties) = preSolution
		HideSolutionNode = FALSE
	EndGlobalSection
	GlobalSection(ExtensibilityGlobals) = postSolution
		SolutionGuid = {E39E4DEF-56BB-4D52-AEB0-6AD1A3BC09B4}
	EndGlobalSection
EndGlobal
